
Microsoft Visual Studio Solution File, Format Version 12.00
# Visual Studio 15
VisualStudioVersion = 15.0.28307.329
MinimumVisualStudioVersion = 10.0.40219.1
Project("{FAE04EC0-301F-11D3-BF4B-00C04F79EFBC}") = "GuessTheMelody", "GuessTheMelody\GuessTheMelody.csproj", "{B4088B61-F57E-4F12-92D2-CB3D033269F7}"
EndProject
Global
	GlobalSection(SolutionConfigurationPlatforms) = preSolution
		Debug|Any CPU = Debug|Any CPU
		Release|Any CPU = Release|Any CPU
	EndGlobalSection
	GlobalSection(ProjectConfigurationPlatforms) = postSolution
		{B4088B61-F57E-4F12-92D2-CB3D033269F7}.Debug|Any CPU.ActiveCfg = Debug|Any CPU
		{B4088B61-F57E-4F12-92D2-CB3D033269F7}.Debug|Any CPU.Build.0 = Debug|Any CPU
		{B4088B61-F57E-4F12-92D2-CB3D033269F7}.Release|Any CPU.ActiveCfg = Release|Any CPU
		{B4088B61-F57E-4F12-92D2-CB3D033269F7}.Release|Any CPU.Build.0 = Release|Any CPU
	EndGlobalSection
	GlobalSection(SolutionProperties) = preSolution
		HideSolutionNode = FALSE
	EndGlobalSection
	GlobalSection(ExtensibilityGlobals) = postSolution
		SolutionGuid = {8E0636A0-4034-4BDD-A402-E046EA122852}
	EndGlobalSection
EndGlobal
